{
    "_readme": [
        "This file locks the dependencies of your project to a known state",
        "Read more about it at https://getcomposer.org/doc/01-basic-usage.md#composer-lock-the-lock-file",
        "This file is @generated automatically"
    ],
    "content-hash": "58ecf90bdf5f2318adb5d742d933784d",
    "packages": [
        {
            "name": "some-company/some-module",
            "version": "dev-master",
            "dist": {
                "type": "path",
                "url": "some-repository/some-company/some-module",
                "reference": "35cad7e4dbe37bd9464b9d75067f14658c71a2d1",
                "shasum": null
            },
            "require": {
                "php": "~7.0"
            },
            "type": "library",
            "autoload": {
                "psr-4": {
                    "SomeCompany\\SomeModule\\": ""
                }
            },
            "license": [
                "MIT"
            ],
            "description": "Some module"
        }
    ],
    "packages-dev": [],
    "aliases": [],
    "minimum-stability": "stable",
    "stability-flags": {
        "some-company/some-module": 20
    },
    "prefer-stable": false,
    "prefer-lowest": false,
    "platform": [],
    "platform-dev": []
}
